PODS:
  - Alamofire (4.9.1)
  - Kingfisher (5.10.1):
    - Kingfisher/Core (= 5.10.1)
  - Kingfisher/Core (5.10.1)
  - KRActivityIndicatorView (3.0.4)
  - KRProgressHUD (3.4.4):
    - KRActivityIndicatorView (= 3.0.4)

DEPENDENCIES:
  - Alamofire
  - Kingfisher (~> 5.0)
  - KRProgressHUD

SPEC REPOS:
  trunk:
    - Alamofire
    - Kingfisher
    - KRActivityIndicatorView
    - KRProgressHUD

SPEC CHECKSUMS:
  Alamofire: 85e8a02c69d6020a0d734f6054870d7ecb75cf18
  Kingfisher: eb36b7dfcc78d60877051c92c119a2865972961a
  KRActivityIndicatorView: 549db10b9578d58bac73db063d8b544e8970f7f2
  KRProgressHUD: c3b9a48a0ee4824ea13212ac3f1efa50dca021e3

PODFILE CHECKSUM: 871a0cdce8f535c1b0888dd694b299269063c034

COCOAPODS: 1.8.4
